
Microsoft Visual Studio Solution File, Format Version 12.00
# Visual Studio 15
VisualStudioVersion = 15.0.26730.8
MinimumVisualStudioVersion = 10.0.40219.1
Project("{9A19103F-16F7-4668-BE54-9A1E7A4F7556}") = "BookStore", "BookStore\BookStore.csproj", "{8AA00A30-6486-43CC-B563-C25CC83A6F3D}"
EndProject
Project("{FAE04EC0-301F-11D3-BF4B-00C04F79EFBC}") = "WebApplication1", "WebApplication1\WebApplication1.csproj", "{57606D0B-046B-43B1-9ED8-0A07CF0A02CD}"
EndProject
Global
	GlobalSection(SolutionConfigurationPlatforms) = preSolution
		Debug|Any CPU = Debug|Any CPU
		Release|Any CPU = Release|Any CPU
	EndGlobalSection
	GlobalSection(ProjectConfigurationPlatforms) = postSolution
		{8AA00A30-6486-43CC-B563-C25CC83A6F3D}.Debug|Any CPU.ActiveCfg = Debug|Any CPU
		{8AA00A30-6486-43CC-B563-C25CC83A6F3D}.Debug|Any CPU.Build.0 = Debug|Any CPU
		{8AA00A30-6486-43CC-B563-C25CC83A6F3D}.Release|Any CPU.ActiveCfg = Release|Any CPU
		{8AA00A30-6486-43CC-B563-C25CC83A6F3D}.Release|Any CPU.Build.0 = Release|Any CPU
		{57606D0B-046B-43B1-9ED8-0A07CF0A02CD}.Debug|Any CPU.ActiveCfg = Debug|Any CPU
		{57606D0B-046B-43B1-9ED8-0A07CF0A02CD}.Debug|Any CPU.Build.0 = Debug|Any CPU
		{57606D0B-046B-43B1-9ED8-0A07CF0A02CD}.Release|Any CPU.ActiveCfg = Release|Any CPU
		{57606D0B-046B-43B1-9ED8-0A07CF0A02CD}.Release|Any CPU.Build.0 = Release|Any CPU
	EndGlobalSection
	GlobalSection(SolutionProperties) = preSolution
		HideSolutionNode = FALSE
	EndGlobalSection
	GlobalSection(ExtensibilityGlobals) = postSolution
		SolutionGuid = {993DA6EB-68E5-41A4-95D1-D697DEDF1A4E}
	EndGlobalSection
EndGlobal
